
Microsoft Visual Studio Solution File, Format Version 12.00
# Visual Studio Version 16
VisualStudioVersion = 16.0.30413.136
MinimumVisualStudioVersion = 10.0.40219.1
Project("{9A19103F-16F7-4668-BE54-9A1E7A4F7556}") = "Microsoft.Xrm.DevOps.Solutions", "Microsoft.Xrm.DevOps.Solutions\Microsoft.Xrm.DevOps.Solutions.csproj", "{71235A5A-6B4F-4934-9E6D-7EE03C162371}"
EndProject
Project("{9A19103F-16F7-4668-BE54-9A1E7A4F7556}") = "Microsoft.Xrm.DevOps.Solutions.PowerShell", "Microsoft.Xrm.DevOps.Solutions.PowerShell\Microsoft.Xrm.DevOps.Solutions.PowerShell.csproj", "{545B1AFB-833B-4BD1-B6BD-DB69DC0D1F04}"
	ProjectSection(ProjectDependencies) = postProject
		{71235A5A-6B4F-4934-9E6D-7EE03C162371} = {71235A5A-6B4F-4934-9E6D-7EE03C162371}
	EndProjectSection
EndProject
Project("{FAE04EC0-301F-11D3-BF4B-00C04F79EFBC}") = "Microsoft.Xrm.DevOps.Solutions.Tests", "Microsoft.Xrm.DevOps.Solutions.Tests\Microsoft.Xrm.DevOps.Solutions.Tests.csproj", "{FB537D4D-BE35-4CDF-83C6-BEEA0EF00B0E}"
EndProject
Global
	GlobalSection(SolutionConfigurationPlatforms) = preSolution
		Debug|Any CPU = Debug|Any CPU
		Debug|x86 = Debug|x86
		Release|Any CPU = Release|Any CPU
		Release|x86 = Release|x86
	EndGlobalSection
	GlobalSection(ProjectConfigurationPlatforms) = postSolution
		{71235A5A-6B4F-4934-9E6D-7EE03C162371}.Debug|Any CPU.ActiveCfg = Debug|Any CPU
		{71235A5A-6B4F-4934-9E6D-7EE03C162371}.Debug|Any CPU.Build.0 = Debug|Any CPU
		{71235A5A-6B4F-4934-9E6D-7EE03C162371}.Debug|x86.ActiveCfg = Debug|Any CPU
		{71235A5A-6B4F-4934-9E6D-7EE03C162371}.Debug|x86.Build.0 = Debug|Any CPU
		{71235A5A-6B4F-4934-9E6D-7EE03C162371}.Release|Any CPU.ActiveCfg = Release|Any CPU
		{71235A5A-6B4F-4934-9E6D-7EE03C162371}.Release|Any CPU.Build.0 = Release|Any CPU
		{71235A5A-6B4F-4934-9E6D-7EE03C162371}.Release|x86.ActiveCfg = Release|Any CPU
		{71235A5A-6B4F-4934-9E6D-7EE03C162371}.Release|x86.Build.0 = Release|Any CPU
		{545B1AFB-833B-4BD1-B6BD-DB69DC0D1F04}.Debug|Any CPU.ActiveCfg = Debug|Any CPU
		{545B1AFB-833B-4BD1-B6BD-DB69DC0D1F04}.Debug|Any CPU.Build.0 = Debug|Any CPU
		{545B1AFB-833B-4BD1-B6BD-DB69DC0D1F04}.Debug|x86.ActiveCfg = Debug|Any CPU
		{545B1AFB-833B-4BD1-B6BD-DB69DC0D1F04}.Debug|x86.Build.0 = Debug|Any CPU
		{545B1AFB-833B-4BD1-B6BD-DB69DC0D1F04}.Release|Any CPU.ActiveCfg = Release|Any CPU
		{545B1AFB-833B-4BD1-B6BD-DB69DC0D1F04}.Release|Any CPU.Build.0 = Release|Any CPU
		{545B1AFB-833B-4BD1-B6BD-DB69DC0D1F04}.Release|x86.ActiveCfg = Release|Any CPU
		{545B1AFB-833B-4BD1-B6BD-DB69DC0D1F04}.Release|x86.Build.0 = Release|Any CPU
		{FB537D4D-BE35-4CDF-83C6-BEEA0EF00B0E}.Debug|Any CPU.ActiveCfg = Debug|Any CPU
		{FB537D4D-BE35-4CDF-83C6-BEEA0EF00B0E}.Debug|Any CPU.Build.0 = Debug|Any CPU
		{FB537D4D-BE35-4CDF-83C6-BEEA0EF00B0E}.Debug|x86.ActiveCfg = Debug|Any CPU
		{FB537D4D-BE35-4CDF-83C6-BEEA0EF00B0E}.Debug|x86.Build.0 = Debug|Any CPU
		{FB537D4D-BE35-4CDF-83C6-BEEA0EF00B0E}.Release|Any CPU.ActiveCfg = Release|Any CPU
		{FB537D4D-BE35-4CDF-83C6-BEEA0EF00B0E}.Release|Any CPU.Build.0 = Release|Any CPU
		{FB537D4D-BE35-4CDF-83C6-BEEA0EF00B0E}.Release|x86.ActiveCfg = Release|Any CPU
		{FB537D4D-BE35-4CDF-83C6-BEEA0EF00B0E}.Release|x86.Build.0 = Release|Any CPU
	EndGlobalSection
	GlobalSection(SolutionProperties) = preSolution
		HideSolutionNode = FALSE
	EndGlobalSection
	GlobalSection(ExtensibilityGlobals) = postSolution
		SolutionGuid = {AD8D9653-2436-4646-A58E-E1ED56869214}
	EndGlobalSection
EndGlobal
